
Microsoft Visual Studio Solution File, Format Version 12.00
# Visual Studio 15
Project("{FAE04EC0-301F-11D3-BF4B-00C04F79EFBC}") = "FibonacciSequence", "FibonacciSequence\FibonacciSequence.csproj", "{7296DC12-5630-4A00-AA5B-092A19BD76CF}"
EndProject
Global
	GlobalSection(SolutionConfigurationPlatforms) = preSolution
		Debug|Any CPU = Debug|Any CPU
		Release|Any CPU = Release|Any CPU
	EndGlobalSection
	GlobalSection(ProjectConfigurationPlatforms) = postSolution
		{7296DC12-5630-4A00-AA5B-092A19BD76CF}.Debug|Any CPU.ActiveCfg = Debug|Any CPU
		{7296DC12-5630-4A00-AA5B-092A19BD76CF}.Debug|Any CPU.Build.0 = Debug|Any CPU
		{7296DC12-5630-4A00-AA5B-092A19BD76CF}.Release|Any CPU.ActiveCfg = Release|Any CPU
		{7296DC12-5630-4A00-AA5B-092A19BD76CF}.Release|Any CPU.Build.0 = Release|Any CPU
	EndGlobalSection
EndGlobal
